
Microsoft Visual Studio Solution File, Format Version 12.00
# Visual Studio 15
VisualStudioVersion = 15.0.27428.2037
MinimumVisualStudioVersion = 10.0.40219.1
Project("{FAE04EC0-301F-11D3-BF4B-00C04F79EFBC}") = "LiteDbContext", "LiteDbContext\LiteDbContext.csproj", "{655104A2-FEAF-456E-8FD9-AAD7D28B2E04}"
EndProject
Project("{FAE04EC0-301F-11D3-BF4B-00C04F79EFBC}") = "Sample", "Sample\Sample.csproj", "{13715327-25E7-4076-9F11-004218C4E4FB}"
EndProject
Global
	GlobalSection(SolutionConfigurationPlatforms) = preSolution
		Debug|Any CPU = Debug|Any CPU
		Release|Any CPU = Release|Any CPU
	EndGlobalSection
	GlobalSection(ProjectConfigurationPlatforms) = postSolution
		{655104A2-FEAF-456E-8FD9-AAD7D28B2E04}.Debug|Any CPU.ActiveCfg = Debug|Any CPU
		{655104A2-FEAF-456E-8FD9-AAD7D28B2E04}.Debug|Any CPU.Build.0 = Debug|Any CPU
		{655104A2-FEAF-456E-8FD9-AAD7D28B2E04}.Release|Any CPU.ActiveCfg = Release|Any CPU
		{655104A2-FEAF-456E-8FD9-AAD7D28B2E04}.Release|Any CPU.Build.0 = Release|Any CPU
		{13715327-25E7-4076-9F11-004218C4E4FB}.Debug|Any CPU.ActiveCfg = Debug|Any CPU
		{13715327-25E7-4076-9F11-004218C4E4FB}.Debug|Any CPU.Build.0 = Debug|Any CPU
		{13715327-25E7-4076-9F11-004218C4E4FB}.Release|Any CPU.ActiveCfg = Release|Any CPU
		{13715327-25E7-4076-9F11-004218C4E4FB}.Release|Any CPU.Build.0 = Release|Any CPU
	EndGlobalSection
	GlobalSection(SolutionProperties) = preSolution
		HideSolutionNode = FALSE
	EndGlobalSection
	GlobalSection(ExtensibilityGlobals) = postSolution
		SolutionGuid = {9210FAAE-8ED4-4635-B926-FB603F0247D9}
	EndGlobalSection
EndGlobal
